---
lockfileVersion: '9.0'

importers:

  .:
    configDependencies: {}
    packageManagerDependencies:
      '@pnpm/exe':
        specifier: 11.21.0
        version: 11.21.0
      pnpm:
        specifier: 11.21.0
        version: 11.21.0

packages:

  '@pnpm/exe@11.21.0':
    resolution: {integrity: sha512-zawQxIewH1od72HhlmXWq3No6XyuWn+nMvQ9BjWWGNBVskmS+RDlTu7ey2ruL650PbbyuCATYSal1DaXFKBdcw==}
    hasBin: true

  '@pnpm/linux-arm64@11.21.0':
    resolution: {integrity: sha512-gOSfQKr6kZjEwHyoRwMt9qrqQ9sqbZmUm2hbgJJG8bp0ZR9YkQ4BZV2k4qlQA2jtsmHV1u1MwiaLcuK7DauvBg==}
    cpu: [arm64]
    os: [linux]

  '@pnpm/linux-x64@11.21.0':
    resolution: {integrity: sha512-X+kBR8yscKyhhElO+WLrb6sFbl/3Ow70B+6fqZUYI8T8wtmlCw5GtcPXVBJPDJcLN5joe227h7lyCCZo4tdKdw==}
    cpu: [x64]
    os: [linux]

  '@pnpm/linuxstatic-arm64@11.21.0':
    resolution: {integrity: sha512-IUJfAclH0b3QxaHuQuVxXQIzEkDtTm0C+G3tgG0ET5tDRGc7wH7eU0GEM75ojHOwzqv7s0y00xPVVCIsxUM4Nw==}
    cpu: [arm64]
    os: [linux]
    libc: [musl]

  '@pnpm/linuxstatic-x64@11.21.0':
    resolution: {integrity: sha512-6Y2u+AfOUuTqWgTCpFhySL8HAcONDucCFixKle9tWoW7bm8RF0+fwQBRWNWGdx+Toau07wZ1LNZPqN8gpgeBDQ==}
    cpu: [x64]
    os: [linux]
    libc: [musl]

  '@pnpm/macos-arm64@11.21.0':
    resolution: {integrity: sha512-sLMGvVJXWdhFAouY2icjeZ2VCFmyPPZvvtHkfj1oeCWGppsbWcP5cExSw9yU1Uw7ALwrV0I2lRZv33yWYfDtcQ==}
    cpu: [arm64]
    os: [darwin]

  '@pnpm/win-arm64@11.21.0':
    resolution: {integrity: sha512-79Nc+YI5B2ddH5MQD2YITL/PKnmXdcQKwmwx0HaD4QnsCco8DFaTho242e5sd9QfXKxYRvB9AOnuqIV4VjhAAw==}
    cpu: [arm64]
    os: [win32]

  '@pnpm/win-x64@11.21.0':
    resolution: {integrity: sha512-zT3TufmVOroWPrzXTPPPgYvIsTZIsK13kjpmgXlICyEFrhd16RFLoTWFhP+8UqHXpTNmVbtTHzg+fEVYy9rlEQ==}
    cpu: [x64]
    os: [win32]

  '@reflink/reflink-darwin-arm64@0.1.19':
    resolution: {integrity: sha512-ruy44Lpepdk1FqDz38vExBY/PVUsjxZA+chd9wozjUH9JjuDT/HEaQYA6wYN9mf041l0yLVar6BCZuWABJvHSA==}
    engines: {node: '>= 10'}
    cpu: [arm64]
    os: [darwin]

  '@reflink/reflink-darwin-x64@0.1.19':
    resolution: {integrity: sha512-By85MSWrMZa+c26TcnAy8SDk0sTUkYlNnwknSchkhHpGXOtjNDUOxJE9oByBnGbeuIE1PiQsxDG3Ud+IVV9yuA==}
    engines: {node: '>= 10'}
    cpu: [x64]
    os: [darwin]

  '@reflink/reflink-linux-arm64-gnu@0.1.19':
    resolution: {integrity: sha512-7P+er8+rP9iNeN+bfmccM4hTAaLP6PQJPKWSA4iSk2bNvo6KU6RyPgYeHxXmzNKzPVRcypZQTpFgstHam6maVg==}
    engines: {node: '>= 10'}
    cpu: [arm64]
    os: [linux]
    libc: [glibc]

  '@reflink/reflink-linux-arm64-musl@0.1.19':
    resolution: {integrity: sha512-37iO/Dp6m5DDaC2sf3zPtx/hl9FV3Xze4xoYidrxxS9bgP3S8ALroxRK6xBG/1TtfXKTvolvp+IjrUU6ujIGmA==}
    engines: {node: '>= 10'}
    cpu: [arm64]
    os: [linux]
    libc: [musl]

  '@reflink/reflink-linux-x64-gnu@0.1.19':
    resolution: {integrity: sha512-jbI8jvuYCaA3MVUdu8vLoLAFqC+iNMpiSuLbxlAgg7x3K5bsS8nOpTRnkLF7vISJ+rVR8W+7ThXlXlUQ93ulkw==}
    engines: {node: '>= 10'}
    cpu: [x64]
    os: [linux]
    libc: [glibc]

  '@reflink/reflink-linux-x64-musl@0.1.19':
    resolution: {integrity: sha512-e9FBWDe+lv7QKAwtKOt6A2W/fyy/aEEfr0g6j/hWzvQcrzHCsz07BNQYlNOjTfeytrtLU7k449H1PI95jA4OjQ==}
    engines: {node: '>= 10'}
    cpu: [x64]
    os: [linux]
    libc: [musl]

  '@reflink/reflink-win32-arm64-msvc@0.1.19':
    resolution: {integrity: sha512-09PxnVIQcd+UOn4WAW73WU6PXL7DwGS6wPlkMhMg2zlHHG65F3vHepOw06HFCq+N42qkaNAc8AKIabWvtk6cIQ==}
    engines: {node: '>= 10'}
    cpu: [arm64]
    os: [win32]

  '@reflink/reflink-win32-x64-msvc@0.1.19':
    resolution: {integrity: sha512-E//yT4ni2SyhwP8JRjVGWr3cbnhWDiPLgnQ66qqaanjjnMiu3O/2tjCPQXlcGc/DEYofpDc9fvhv6tALQsMV9w==}
    engines: {node: '>= 10'}
    cpu: [x64]
    os: [win32]

  '@reflink/reflink@0.1.19':
    resolution: {integrity: sha512-DmCG8GzysnCZ15bres3N5AHCmwBwYgp0As6xjhQ47rAUTUXxJiK+lLUxaGsX3hd/30qUpVElh05PbGuxRPgJwA==}
    engines: {node: '>= 10'}

  detect-libc@2.1.2:
    resolution: {integrity: sha512-Btj2BOOO83o3WyH59e8MgXsxEQVcarkUOpEYrubB0urwnN10yQ364rsiByU11nZlqWYZm05i/of7io4mzihBtQ==}
    engines: {node: '>=8'}

  pnpm@11.21.0:
    resolution: {integrity: sha512-UhcFvOaJkk6scvWjWHEi82JonvZXHlW6gAdv1jfBETLs/62ib61Op5xIW/3b/T1aKlsFgFp36JPeceyKbMo7sQ==}
    engines: {node: '>=22.13'}
    hasBin: true

snapshots:

  '@pnpm/exe@11.21.0':
    dependencies:
      '@reflink/reflink': 0.1.19
      detect-libc: 2.1.2
    optionalDependencies:
      '@pnpm/linux-arm64': 11.21.0
      '@pnpm/linux-x64': 11.21.0
      '@pnpm/linuxstatic-arm64': 11.21.0
      '@pnpm/linuxstatic-x64': 11.21.0
      '@pnpm/macos-arm64': 11.21.0
      '@pnpm/win-arm64': 11.21.0
      '@pnpm/win-x64': 11.21.0

  '@pnpm/linux-arm64@11.21.0':
    optional: true

  '@pnpm/linux-x64@11.21.0':
    optional: true

  '@pnpm/linuxstatic-arm64@11.21.0':
    optional: true

  '@pnpm/linuxstatic-x64@11.21.0':
    optional: true

  '@pnpm/macos-arm64@11.21.0':
    optional: true

  '@pnpm/win-arm64@11.21.0':
    optional: true

  '@pnpm/win-x64@11.21.0':
    optional: true

  '@reflink/reflink-darwin-arm64@0.1.19':
    optional: true

  '@reflink/reflink-darwin-x64@0.1.19':
    optional: true

  '@reflink/reflink-linux-arm64-gnu@0.1.19':
    optional: true

  '@reflink/reflink-linux-arm64-musl@0.1.19':
    optional: true

  '@reflink/reflink-linux-x64-gnu@0.1.19':
    optional: true

  '@reflink/reflink-linux-x64-musl@0.1.19':
    optional: true

  '@reflink/reflink-win32-arm64-msvc@0.1.19':
    optional: true

  '@reflink/reflink-win32-x64-msvc@0.1.19':
    optional: true

  '@reflink/reflink@0.1.19':
    optionalDependencies:
      '@reflink/reflink-darwin-arm64': 0.1.19
      '@reflink/reflink-darwin-x64': 0.1.19
      '@reflink/reflink-linux-arm64-gnu': 0.1.19
      '@reflink/reflink-linux-arm64-musl': 0.1.19
      '@reflink/reflink-linux-x64-gnu': 0.1.19
      '@reflink/reflink-linux-x64-musl': 0.1.19
      '@reflink/reflink-win32-arm64-msvc': 0.1.19
      '@reflink/reflink-win32-x64-msvc': 0.1.19

  detect-libc@2.1.2: {}

  pnpm@11.21.0: {}

---
lockfileVersion: '9.0'

settings:
  autoInstallPeers: true
  excludeLinksFromLockfile: false

importers:

  .:
    dependencies:
      '@bomb.sh/args':
        specifier: ^0.3.1
        version: 0.3.1
      '@clack/core':
        specifier: ^1.4.3
        version: 1.4.3
      '@clack/prompts':
        specifier: ^1.7.0
        version: 1.7.0
      fast-slice-ansi:
        specifier: ^0.3.1
        version: 0.3.1
      fast-string-width:
        specifier: ^3.0.2
        version: 3.0.2
      femtocolors:
        specifier: ^0.1.2
        version: 0.1.2
      open:
        specifier: ^11.0.1
        version: 11.0.1
      tinyclip:
        specifier: ^1.0.1
        version: 1.0.1
    devDependencies:
      '@types/node':
        specifier: ^26.2.0
        version: 26.2.0

packages:

  '@ansi-tools/parser@1.0.17':
    resolution: {integrity: sha512-HEzg0njNfHsng0rU8fk6qGNhnzud9LmMAxn3fOP9flWGZlgggZMNb7yVWadyr2X8CKDg8nHo07Pfs+B/t0VQ8w==}

  '@bomb.sh/args@0.3.1':
    resolution: {integrity: sha512-CwxKrfgcorUPP6KfYD59aRdBYWBTsfsxT+GmoLVnKo5Tmyoqbpo0UNcjngRMyU+6tiPbd18RuIYxhgAn44wU/Q==}

  '@clack/core@1.4.3':
    resolution: {integrity: sha512-/kr3UWNtdJfxZtPgDqUOmG2pvwlmcLGheex5yiZKdwbzZJxhV+HMNR9QNmyY5cGwTNV6LrR7Jtp+KjhUAP1qBQ==}
    engines: {node: '>= 20.12.0'}

  '@clack/prompts@1.7.0':
    resolution: {integrity: sha512-y7/yvZ2TPAnR9+jnc00klvNNLkJiXFFrQA/hlLCcxA9a2A4zQIOimyFQ9XfwYKiGD1fb5GY8vbKIIgO8d5Tb2A==}
    engines: {node: '>= 20.12.0'}

  '@types/node@26.2.0':
    resolution: {integrity: sha512-5IviulTZeRNp2vAJ514cc/HUlY5nZ9fCbq9DMyC52BrhFZACo3nI0R7qBxhQmo/d27NFe96ur/b7Wwxklda+kg==}

  bundle-name@4.1.0:
    resolution: {integrity: sha512-tjwM5exMg6BGRI+kNmTntNsvdZS1X8BFYS6tnJ2hdH0kVxM6/eVZ2xy+FqStSWvYmtfFMDLIxurorHwDKfDz5Q==}
    engines: {node: '>=18'}

  default-browser-id@5.0.1:
    resolution: {integrity: sha512-x1VCxdX4t+8wVfd1so/9w+vQ4vx7lKd2Qp5tDRutErwmR85OgmfX7RlLRMWafRMY7hbEiXIbudNrjOAPa/hL8Q==}
    engines: {node: '>=18'}

  default-browser@5.5.0:
    resolution: {integrity: sha512-H9LMLr5zwIbSxrmvikGuI/5KGhZ8E2zH3stkMgM5LpOWDutGM2JZaj460Udnf1a+946zc7YBgrqEWwbk7zHvGw==}
    engines: {node: '>=18'}

  define-lazy-prop@3.0.0:
    resolution: {integrity: sha512-N+MeXYoqr3pOgn8xfyRPREN7gHakLYjhsHhWGT3fWAiL4IkAt0iDw14QiiEm2bE30c5XX5q0FtAA3CK5f9/BUg==}
    engines: {node: '>=12'}

  fast-slice-ansi@0.3.1:
    resolution: {integrity: sha512-uSK2j6DdtGu4wCoi0HCLR4WGUXabe5Zb46gKXr6p/aFNJUjzdxfpkriLePIZSgiPrAPSVTbAbNpmv2X8tH/xdQ==}

  fast-string-truncated-width@3.0.3:
    resolution: {integrity: sha512-0jjjIEL6+0jag3l2XWWizO64/aZVtpiGE3t0Zgqxv0DPuxiMjvB3M24fCyhZUO4KomJQPj3LTSUnDP3GpdwC0g==}

  fast-string-width@3.0.2:
    resolution: {integrity: sha512-gX8LrtNEI5hq8DVUfRQMbr5lpaS4nMIWV+7XEbXk2b8kiQIizgnlr12B4dA3ZEx3308ze0O4Q1R+cHts8kyUJg==}

  fast-wrap-ansi@0.2.2:
    resolution: {integrity: sha512-7F2Fl+TjRSenLqlU3UjSH0iyqopqoZIu7eZVpEirP2g1GtWa2G/ecEmBdgz31+Mxr+ELclgg6sokpSFIQiZ02Q==}

  femtocolors@0.1.2:
    resolution: {integrity: sha512-7CalG9ZvozpPx5Keuxg89A8lLCyNu/NPW6635RhHbYTR3qAVT8ClfdLWkjIEr8YeZw//epxbjI/pGK9MC1aerg==}
    engines: {node: '>=20.18.0'}

  is-docker@3.0.0:
    resolution: {integrity: sha512-eljcgEDlEns/7AXFosB5K/2nCM4P7FQPkGc/DWLy5rmFEWvZayGrik1d9/QIY5nJ4f9YsVvBkA6kJpHn9rISdQ==}
    engines: {node: ^12.20.0 || ^14.13.1 || >=16.0.0}
    hasBin: true

  is-in-ssh@1.0.0:
    resolution: {integrity: sha512-jYa6Q9rH90kR1vKB6NM7qqd1mge3Fx4Dhw5TVlK1MUBqhEOuCagrEHMevNuCcbECmXZ0ThXkRm+Ymr51HwEPAw==}
    engines: {node: '>=20'}

  is-inside-container@1.0.0:
    resolution: {integrity: sha512-KIYLCCJghfHZxqjYBE7rEy0OBuTd5xCHS7tHVgvCLkx7StIoaxwNW3hCALgEUjFfeRk+MG/Qxmp/vtETEF3tRA==}
    engines: {node: '>=14.16'}
    hasBin: true

  is-wsl@3.1.1:
    resolution: {integrity: sha512-e6rvdUCiQCAuumZslxRJWR/Doq4VpPR82kqclvcS0efgt430SlGIk05vdCN58+VrzgtIcfNODjozVielycD4Sw==}
    engines: {node: '>=16'}

  open@11.0.1:
    resolution: {integrity: sha512-NzwMUB6C1D0+Kd+9iMS/H4k+Ck3cTX6Ckyfr/gAGlmvSE1LUQZnEZvWBi4PYmMwH/S5SMeTXnE+9uAz8uF+pWw==}
    engines: {node: '>=20'}

  powershell-utils@0.1.0:
    resolution: {integrity: sha512-dM0jVuXJPsDN6DvRpea484tCUaMiXWjuCn++HGTqUWzGDjv5tZkEZldAJ/UMlqRYGFrD/etByo4/xOuC/snX2A==}
    engines: {node: '>=20'}

  powershell-utils@0.2.0:
    resolution: {integrity: sha512-ZlsFlG7MtSFCoc5xreOvBAozCJ6Pf06opgJjh9ONEv418xpZSAzNjstD36C6+JwOnfSqOW/9uDkqKjezTdxZhw==}
    engines: {node: '>=20'}

  run-applescript@7.1.0:
    resolution: {integrity: sha512-DPe5pVFaAsinSaV6QjQ6gdiedWDcRCbUuiQfQa2wmWV7+xC9bGulGI8+TdRmoFkAPaBXk8CrAbnlY2ISniJ47Q==}
    engines: {node: '>=18'}

  sisteransi@1.0.5:
    resolution: {integrity: sha512-bLGGlR1QxBcynn2d5YmDX4MGjlZvy2MRBDRNHLJ8VI6l6+9FUiyTFNJ0IveOSP0bcXgVDPRcfGqA0pjaqUpfVg==}

  tinyclip@1.0.1:
    resolution: {integrity: sha512-Dufbdbi5sSm9VHDGh1DQfMPHR5yPiMBiN+aLKqAF+5D5fDsw9UughbK8MRopvd2r84+qRwveIXtLs/FAO93eiQ==}
    engines: {node: ^16.14.0 || >= 17.3.0}

  undici-types@8.3.0:
    resolution: {integrity: sha512-j375ScV60dom+YkPFIfTLcOiPxkN/buHz5GobjLhixFuANaNs3C9l4GmrWqejgXWJ7BbJcFYpTEUkS1Ge8bpZQ==}

  wsl-utils@1.0.0:
    resolution: {integrity: sha512-Hl0ZOAs672vg+06kfujwRhoS6/jehvULrlFkuF2dRu6pHgA8U06h3xqNIqNNU1LTXPcedxByAR4GS6pwQK0mgA==}
    engines: {node: '>=20'}

snapshots:

  '@ansi-tools/parser@1.0.17': {}

  '@bomb.sh/args@0.3.1': {}

  '@clack/core@1.4.3':
    dependencies:
      fast-wrap-ansi: 0.2.2
      sisteransi: 1.0.5

  '@clack/prompts@1.7.0':
    dependencies:
      '@clack/core': 1.4.3
      fast-string-width: 3.0.2
      fast-wrap-ansi: 0.2.2
      sisteransi: 1.0.5

  '@types/node@26.2.0':
    dependencies:
      undici-types: 8.3.0

  bundle-name@4.1.0:
    dependencies:
      run-applescript: 7.1.0

  default-browser-id@5.0.1: {}

  default-browser@5.5.0:
    dependencies:
      bundle-name: 4.1.0
      default-browser-id: 5.0.1

  define-lazy-prop@3.0.0: {}

  fast-slice-ansi@0.3.1:
    dependencies:
      '@ansi-tools/parser': 1.0.17

  fast-string-truncated-width@3.0.3: {}

  fast-string-width@3.0.2:
    dependencies:
      fast-string-truncated-width: 3.0.3

  fast-wrap-ansi@0.2.2:
    dependencies:
      fast-string-width: 3.0.2

  femtocolors@0.1.2: {}

  is-docker@3.0.0: {}

  is-in-ssh@1.0.0: {}

  is-inside-container@1.0.0:
    dependencies:
      is-docker: 3.0.0

  is-wsl@3.1.1:
    dependencies:
      is-inside-container: 1.0.0

  open@11.0.1:
    dependencies:
      default-browser: 5.5.0
      define-lazy-prop: 3.0.0
      is-in-ssh: 1.0.0
      is-inside-container: 1.0.0
      powershell-utils: 0.2.0
      wsl-utils: 1.0.0

  powershell-utils@0.1.0: {}

  powershell-utils@0.2.0: {}

  run-applescript@7.1.0: {}

  sisteransi@1.0.5: {}

  tinyclip@1.0.1: {}

  undici-types@8.3.0: {}

  wsl-utils@1.0.0:
    dependencies:
      is-wsl: 3.1.1
      powershell-utils: 0.1.0
